// !$*UTF8*$!
{
	archiveVersion = 1;
	classes = {
	};
	objectVersion = 51;
	objects = {

/* Begin PBXBuildFile section */
		18D6C2672738622100646788 /* SearchView.swift in Sources */ = {isa = PBXBuildFile; fileRef = 18D6C2662738622100646788 /* SearchView.swift */; };
		18D6C2692738642000646788 /* CountryDetail.swift in Sources */ = {isa = PBXBuildFile; fileRef = 18D6C2682738642000646788 /* CountryDetail.swift */; };
		18D6C26B2738687500646788 /* CountryDetailView.swift in Sources */ = {isa = PBXBuildFile; fileRef = 18D6C26A2738687500646788 /* CountryDetailView.swift */; };
		202CE03E27331FD100294103 /* RecentView.swift in Sources */ = {isa = PBXBuildFile; fileRef = 202CE03D27331FD100294103 /* RecentView.swift */; };
		202CE0492733203700294103 /* ListHeaderView.swift in Sources */ = {isa = PBXBuildFile; fileRef = 202CE0482733203700294103 /* ListHeaderView.swift */; };
		202CE04D2733204000294103 /* Extension.swift in Sources */ = {isa = PBXBuildFile; fileRef = 202CE04C2733203F00294103 /* Extension.swift */; };
		202CE0512733205100294103 /* CountryDataRowView.swift in Sources */ = {isa = PBXBuildFile; fileRef = 202CE0502733205100294103 /* CountryDataRowView.swift */; };
		202CE05D2733207200294103 /* Assets.xcassets in Resources */ = {isa = PBXBuildFile; fileRef = 202CE05C2733207200294103 /* Assets.xcassets */; };
		202CE06D2733265800294103 /* ContentView.swift in Sources */ = {isa = PBXBuildFile; fileRef = 202CE06C2733265800294103 /* ContentView.swift */; };
		202CE0712733267000294103 /* PandemicVisualiserApp.swift in Sources */ = {isa = PBXBuildFile; fileRef = 202CE0702733267000294103 /* PandemicVisualiserApp.swift */; };
		202CE0752733268800294103 /* Persistence.swift in Sources */ = {isa = PBXBuildFile; fileRef = 202CE0742733268800294103 /* Persistence.swift */; };
		202CE080273329F900294103 /* TotalDataCard.swift in Sources */ = {isa = PBXBuildFile; fileRef = 202CE07F273329F900294103 /* TotalDataCard.swift */; };
		202CE08427332B0100294103 /* Model.swift in Sources */ = {isa = PBXBuildFile; fileRef = 202CE08327332B0100294103 /* Model.swift */; };
		202CE08827332B2000294103 /* CovidFetchRequest.swift in Sources */ = {isa = PBXBuildFile; fileRef = 202CE08727332B2000294103 /* CovidFetchRequest.swift */; };
		202CE08C27332D7000294103 /* TotalDataView.swift in Sources */ = {isa = PBXBuildFile; fileRef = 202CE08B27332D7000294103 /* TotalDataView.swift */; };
		20D8D2E9270DD2B300EFA0DC /* Preview Assets.xcassets in Resources */ = {isa = PBXBuildFile; fileRef = 20D8D2E8270DD2B300EFA0DC /* Preview Assets.xcassets */; };
		20D8D2EE270DD2B300EFA0DC /* PandemicVisualiser.xcdatamodeld in Sources */ = {isa = PBXBuildFile; fileRef = 20D8D2EC270DD2B300EFA0DC /* PandemicVisualiser.xcdatamodeld */; };
		20D8D2F9270DD2B300EFA0DC /* PandemicVisualiserTests.swift in Sources */ = {isa = PBXBuildFile; fileRef = 20D8D2F8270DD2B300EFA0DC /* PandemicVisualiserTests.swift */; };
		20D8D304270DD2B300EFA0DC /* PandemicVisualiserUITests.swift in Sources */ = {isa = PBXBuildFile; fileRef = 20D8D303270DD2B300EFA0DC /* PandemicVisualiserUITests.swift */; };
		78E3843A271B2B22007B3706 /* Script.sh in Resources */ = {isa = PBXBuildFile; fileRef = 78E38439271B289B007B3706 /* Script.sh */; };
		78E3843D271B3CCA007B3706 /* Pods_PandemicVisualiser.framework in Frameworks */ = {isa = PBXBuildFile; fileRef = 5F2ECBC80E044C14A04FBC31 /* Pods_PandemicVisualiser.framework */; };
		78E3843E271B3CCA007B3706 /* Pods_PandemicVisualiser.framework in Embed Frameworks */ = {isa = PBXBuildFile; fileRef = 5F2ECBC80E044C14A04FBC31 /* Pods_PandemicVisualiser.framework */; settings = {ATTRIBUTES = (CodeSignOnCopy, RemoveHeadersOnCopy, ); }; };
		8D05BC98B91AFD70F2B1DDB4 /* Pods_PandemicVisualiserTests.framework in Frameworks */ = {isa = PBXBuildFile; fileRef = CD276B4BA69D8F57AC779D1C /* Pods_PandemicVisualiserTests.framework */; };
		ABD728EF4DC5C22CE14A5459 /* Pods_PandemicVisualiser_PandemicVisualiserUITests.framework in Frameworks */ = {isa = PBXBuildFile; fileRef = 1545064D8DD7FC810EE73211 /* Pods_PandemicVisualiser_PandemicVisualiserUITests.framework */; };
/* End PBXBuildFile section */

/* Begin PBXContainerItemProxy section */
		20D8D2F5270DD2B300EFA0DC /* PBXContainerItemProxy */ = {
			isa = PBXContainerItemProxy;
			containerPortal = 20D8D2D6270DD2A800EFA0DC /* Project object */;
			proxyType = 1;
			remoteGlobalIDString = 20D8D2DD270DD2A800EFA0DC;
			remoteInfo = PandemicVisualiser;
		};
		20D8D300270DD2B300EFA0DC /* PBXContainerItemProxy */ = {
			isa = PBXContainerItemProxy;
			containerPortal = 20D8D2D6270DD2A800EFA0DC /* Project object */;
			proxyType = 1;
			remoteGlobalIDString = 20D8D2DD270DD2A800EFA0DC;
			remoteInfo = PandemicVisualiser;
		};
/* End PBXContainerItemProxy section */

/* Begin PBXCopyFilesBuildPhase section */
		78E3843F271B3CCB007B3706 /* Embed Frameworks */ = {
			isa = PBXCopyFilesBuildPhase;
			buildActionMask = 2147483647;
			dstPath = "";
			dstSubfolderSpec = 10;
			files = (
				78E3843E271B3CCA007B3706 /* Pods_PandemicVisualiser.framework in Embed Frameworks */,
			);
			name = "Embed Frameworks";
			runOnlyForDeploymentPostprocessing = 0;
		};
/* End PBXCopyFilesBuildPhase section */

/* Begin PBXFileReference section */
		1545064D8DD7FC810EE73211 /* Pods_PandemicVisualiser_PandemicVisualiserUITests.framework */ = {isa = PBXFileReference; explicitFileType = wrapper.framework; includeInIndex = 0; path = Pods_PandemicVisualiser_PandemicVisualiserUITests.framework; sourceTree = BUILT_PRODUCTS_DIR; };
		18D6C2662738622100646788 /* SearchView.swift */ = {isa = PBXFileReference; lastKnownFileType = sourcecode.swift; path = SearchView.swift; sourceTree = "<group>"; };
		18D6C2682738642000646788 /* CountryDetail.swift */ = {isa = PBXFileReference; lastKnownFileType = sourcecode.swift; path = CountryDetail.swift; sourceTree = "<group>"; };
		18D6C26A2738687500646788 /* CountryDetailView.swift */ = {isa = PBXFileReference; fileEncoding = 4; lastKnownFileType = sourcecode.swift; name = CountryDetailView.swift; path = ../../../../../Downloads/CoronaStats/CoronaStats/CountryDetailView.swift; sourceTree = "<group>"; };
		202CE03D27331FD100294103 /* RecentView.swift */ = {isa = PBXFileReference; fileEncoding = 4; lastKnownFileType = sourcecode.swift; path = RecentView.swift; sourceTree = "<group>"; };
		202CE0482733203700294103 /* ListHeaderView.swift */ = {isa = PBXFileReference; fileEncoding = 4; lastKnownFileType = sourcecode.swift; path = ListHeaderView.swift; sourceTree = "<group>"; };
		202CE04C2733203F00294103 /* Extension.swift */ = {isa = PBXFileReference; fileEncoding = 4; lastKnownFileType = sourcecode.swift; path = Extension.swift; sourceTree = "<group>"; };
		202CE0502733205100294103 /* CountryDataRowView.swift */ = {isa = PBXFileReference; fileEncoding = 4; lastKnownFileType = sourcecode.swift; path = CountryDataRowView.swift; sourceTree = "<group>"; };
		202CE05C2733207200294103 /* Assets.xcassets */ = {isa = PBXFileReference; lastKnownFileType = folder.assetcatalog; path = Assets.xcassets; sourceTree = "<group>"; };
		202CE06C2733265800294103 /* ContentView.swift */ = {isa = PBXFileReference; fileEncoding = 4; lastKnownFileType = sourcecode.swift; path = ContentView.swift; sourceTree = "<group>"; };
		202CE0702733267000294103 /* PandemicVisualiserApp.swift */ = {isa = PBXFileReference; fileEncoding = 4; lastKnownFileType = sourcecode.swift; path = PandemicVisualiserApp.swift; sourceTree = "<group>"; };
		202CE0742733268800294103 /* Persistence.swift */ = {isa = PBXFileReference; fileEncoding = 4; lastKnownFileType = sourcecode.swift; path = Persistence.swift; sourceTree = "<group>"; };
		202CE07F273329F900294103 /* TotalDataCard.swift */ = {isa = PBXFileReference; lastKnownFileType = sourcecode.swift; path = TotalDataCard.swift; sourceTree = "<group>"; };
		202CE08327332B0100294103 /* Model.swift */ = {isa = PBXFileReference; lastKnownFileType = sourcecode.swift; path = Model.swift; sourceTree = "<group>"; };
		202CE08727332B2000294103 /* CovidFetchRequest.swift */ = {isa = PBXFileReference; lastKnownFileType = sourcecode.swift; path = CovidFetchRequest.swift; sourceTree = "<group>"; };
		202CE08B27332D7000294103 /* TotalDataView.swift */ = {isa = PBXFileReference; lastKnownFileType = sourcecode.swift; path = TotalDataView.swift; sourceTree = "<group>"; };
		20D8D2DE270DD2A800EFA0DC /* PandemicVisualiser.app */ = {isa = PBXFileReference; explicitFileType = wrapper.application; includeInIndex = 0; path = PandemicVisualiser.app; sourceTree = BUILT_PRODUCTS_DIR; };
		20D8D2E8270DD2B300EFA0DC /* Preview Assets.xcassets */ = {isa = PBXFileReference; lastKnownFileType = folder.assetcatalog; path = "Preview Assets.xcassets"; sourceTree = "<group>"; };
		20D8D2ED270DD2B300EFA0DC /* PandemicVisualiser.xcdatamodel */ = {isa = PBXFileReference; lastKnownFileType = wrapper.xcdatamodel; path = PandemicVisualiser.xcdatamodel; sourceTree = "<group>"; };
		20D8D2EF270DD2B300EFA0DC /* Info.plist */ = {isa = PBXFileReference; lastKnownFileType = text.plist.xml; path = Info.plist; sourceTree = "<group>"; };
		20D8D2F4270DD2B300EFA0DC /* PandemicVisualiserTests.xctest */ = {isa = PBXFileReference; explicitFileType = wrapper.cfbundle; includeInIndex = 0; path = PandemicVisualiserTests.xctest; sourceTree = BUILT_PRODUCTS_DIR; };
		20D8D2F8270DD2B300EFA0DC /* PandemicVisualiserTests.swift */ = {isa = PBXFileReference; lastKnownFileType = sourcecode.swift; path = PandemicVisualiserTests.swift; sourceTree = "<group>"; };
		20D8D2FA270DD2B300EFA0DC /* Info.plist */ = {isa = PBXFileReference; lastKnownFileType = text.plist.xml; path = Info.plist; sourceTree = "<group>"; };
		20D8D2FF270DD2B300EFA0DC /* PandemicVisualiserUITests.xctest */ = {isa = PBXFileReference; explicitFileType = wrapper.cfbundle; includeInIndex = 0; path = PandemicVisualiserUITests.xctest; sourceTree = BUILT_PRODUCTS_DIR; };
		20D8D303270DD2B300EFA0DC /* PandemicVisualiserUITests.swift */ = {isa = PBXFileReference; lastKnownFileType = sourcecode.swift; path = PandemicVisualiserUITests.swift; sourceTree = "<group>"; };
		20D8D305270DD2B300EFA0DC /* Info.plist */ = {isa = PBXFileReference; lastKnownFileType = text.plist.xml; path = Info.plist; sourceTree = "<group>"; };
		38910D9466C6DEE01071B8B6 /* Pods-PandemicVisualiser.release.xcconfig */ = {isa = PBXFileReference; includeInIndex = 1; lastKnownFileType = text.xcconfig; name = "Pods-PandemicVisualiser.release.xcconfig"; path = "Target Support Files/Pods-PandemicVisualiser/Pods-PandemicVisualiser.release.xcconfig"; sourceTree = "<group>"; };
		5F2ECBC80E044C14A04FBC31 /* Pods_PandemicVisualiser.framework */ = {isa = PBXFileReference; explicitFileType = wrapper.framework; includeInIndex = 0; path = Pods_PandemicVisualiser.framework; sourceTree = BUILT_PRODUCTS_DIR; };
		78E38439271B289B007B3706 /* Script.sh */ = {isa = PBXFileReference; lastKnownFileType = text.script.sh; path = Script.sh; sourceTree = "<group>"; };
		8A079DF992556BA03D6E01F6 /* Pods-PandemicVisualiser.debug.xcconfig */ = {isa = PBXFileReference; includeInIndex = 1; lastKnownFileType = text.xcconfig; name = "Pods-PandemicVisualiser.debug.xcconfig"; path = "Target Support Files/Pods-PandemicVisualiser/Pods-PandemicVisualiser.debug.xcconfig"; sourceTree = "<group>"; };
		A3A485C9E8CCB7307A8E6C8E /* Pods-PandemicVisualiserTests.debug.xcconfig */ = {isa = PBXFileReference; includeInIndex = 1; lastKnownFileType = text.xcconfig; name = "Pods-PandemicVisualiserTests.debug.xcconfig"; path = "Target Support Files/Pods-PandemicVisualiserTests/Pods-PandemicVisualiserTests.debug.xcconfig"; sourceTree = "<group>"; };
		CD276B4BA69D8F57AC779D1C /* Pods_PandemicVisualiserTests.framework */ = {isa = PBXFileReference; explicitFileType = wrapper.framework; includeInIndex = 0; path = Pods_PandemicVisualiserTests.framework; sourceTree = BUILT_PRODUCTS_DIR; };
		DDE03662650A5FF7BE732168 /* Pods-PandemicVisualiser-PandemicVisualiserUITests.release.xcconfig */ = {isa = PBXFileReference; includeInIndex = 1; lastKnownFileType = text.xcconfig; name = "Pods-PandemicVisualiser-PandemicVisualiserUITests.release.xcconfig"; path = "Target Support Files/Pods-PandemicVisualiser-PandemicVisualiserUITests/Pods-PandemicVisualiser-PandemicVisualiserUITests.release.xcconfig"; sourceTree = "<group>"; };
		EA33C4BE5ABB35207492C970 /* Pods-PandemicVisualiser-PandemicVisualiserUITests.debug.xcconfig */ = {isa = PBXFileReference; includeInIndex = 1; lastKnownFileType = text.xcconfig; name = "Pods-PandemicVisualiser-PandemicVisualiserUITests.debug.xcconfig"; path = "Target Support Files/Pods-PandemicVisualiser-PandemicVisualiserUITests/Pods-PandemicVisualiser-PandemicVisualiserUITests.debug.xcconfig"; sourceTree = "<group>"; };
		EF74888571AD0972D5400A3C /* Pods-PandemicVisualiserTests.release.xcconfig */ = {isa = PBXFileReference; includeInIndex = 1; lastKnownFileType = text.xcconfig; name = "Pods-PandemicVisualiserTests.release.xcconfig"; path = "Target Support Files/Pods-PandemicVisualiserTests/Pods-PandemicVisualiserTests.release.xcconfig"; sourceTree = "<group>"; };
/* End PBXFileReference section */

/* Begin PBXFrameworksBuildPhase section */
		20D8D2DB270DD2A800EFA0DC /* Frameworks */ = {
			isa = PBXFrameworksBuildPhase;
			buildActionMask = 2147483647;
			files = (
				78E3843D271B3CCA007B3706 /* Pods_PandemicVisualiser.framework in Frameworks */,
			);
			runOnlyForDeploymentPostprocessing = 0;
		};
		20D8D2F1270DD2B300EFA0DC /* Frameworks */ = {
			isa = PBXFrameworksBuildPhase;
			buildActionMask = 2147483647;
			files = (
				8D05BC98B91AFD70F2B1DDB4 /* Pods_PandemicVisualiserTests.framework in Frameworks */,
			);
			runOnlyForDeploymentPostprocessing = 0;
		};
		20D8D2FC270DD2B300EFA0DC /* Frameworks */ = {
			isa = PBXFrameworksBuildPhase;
			buildActionMask = 2147483647;
			files = (
				ABD728EF4DC5C22CE14A5459 /* Pods_PandemicVisualiser_PandemicVisualiserUITests.framework in Frameworks */,
			);
			runOnlyForDeploymentPostprocessing = 0;
		};
/* End PBXFrameworksBuildPhase section */

/* Begin PBXGroup section */
		202CE07A2733298D00294103 /* Model */ = {
			isa = PBXGroup;
			children = (
				202CE08327332B0100294103 /* Model.swift */,
				202CE08727332B2000294103 /* CovidFetchRequest.swift */,
			);
			path = Model;
			sourceTree = "<group>";
		};
		202CE07B273329A500294103 /* Extension */ = {
			isa = PBXGroup;
			children = (
				202CE04C2733203F00294103 /* Extension.swift */,
			);
			path = Extension;
			sourceTree = "<group>";
		};
		202CE07C273329C300294103 /* Views */ = {
			isa = PBXGroup;
			children = (
				202CE0502733205100294103 /* CountryDataRowView.swift */,
				18D6C26A2738687500646788 /* CountryDetailView.swift */,
				202CE0482733203700294103 /* ListHeaderView.swift */,
				202CE07F273329F900294103 /* TotalDataCard.swift */,
				202CE08B27332D7000294103 /* TotalDataView.swift */,
				18D6C2662738622100646788 /* SearchView.swift */,
				18D6C2682738642000646788 /* CountryDetail.swift */,
			);
			path = Views;
			sourceTree = "<group>";
		};
		20D8D2D5270DD2A800EFA0DC = {
			isa = PBXGroup;
			children = (
				20D8D2E0270DD2A800EFA0DC /* PandemicVisualiser */,
				20D8D2F7270DD2B300EFA0DC /* PandemicVisualiserTests */,
				20D8D302270DD2B300EFA0DC /* PandemicVisualiserUITests */,
				20D8D2DF270DD2A800EFA0DC /* Products */,
				C37CD564C674AA92476A8715 /* Pods */,
				4E7DC8881E5A7F2DF570F5CF /* Frameworks */,
			);
			sourceTree = "<group>";
		};
		20D8D2DF270DD2A800EFA0DC /* Products */ = {
			isa = PBXGroup;
			children = (
				20D8D2DE270DD2A800EFA0DC /* PandemicVisualiser.app */,
				20D8D2F4270DD2B300EFA0DC /* PandemicVisualiserTests.xctest */,
				20D8D2FF270DD2B300EFA0DC /* PandemicVisualiserUITests.xctest */,
			);
			name = Products;
			sourceTree = "<group>";
		};
		20D8D2E0270DD2A800EFA0DC /* PandemicVisualiser */ = {
			isa = PBXGroup;
			children = (
				202CE07A2733298D00294103 /* Model */,
				202CE0742733268800294103 /* Persistence.swift */,
				202CE0702733267000294103 /* PandemicVisualiserApp.swift */,
				202CE06C2733265800294103 /* ContentView.swift */,
				202CE05C2733207200294103 /* Assets.xcassets */,
				202CE07C273329C300294103 /* Views */,
				202CE07B273329A500294103 /* Extension */,
				202CE03D27331FD100294103 /* RecentView.swift */,
				78E38439271B289B007B3706 /* Script.sh */,
				20D8D2EF270DD2B300EFA0DC /* Info.plist */,
				20D8D2EC270DD2B300EFA0DC /* PandemicVisualiser.xcdatamodeld */,
				20D8D2E7270DD2B300EFA0DC /* Preview Content */,
			);
			path = PandemicVisualiser;
			sourceTree = "<group>";
		};
		20D8D2E7270DD2B300EFA0DC /* Preview Content */ = {
			isa = PBXGroup;
			children = (
				20D8D2E8270DD2B300EFA0DC /* Preview Assets.xcassets */,
			);
			path = "Preview Content";
			sourceTree = "<group>";
		};
		20D8D2F7270DD2B300EFA0DC /* PandemicVisualiserTests */ = {
			isa = PBXGroup;
			children = (
				20D8D2F8270DD2B300EFA0DC /* PandemicVisualiserTests.swift */,
				20D8D2FA270DD2B300EFA0DC /* Info.plist */,
			);
			path = PandemicVisualiserTests;
			sourceTree = "<group>";
		};
		20D8D302270DD2B300EFA0DC /* PandemicVisualiserUITests */ = {
			isa = PBXGroup;
			children = (
				20D8D303270DD2B300EFA0DC /* PandemicVisualiserUITests.swift */,
				20D8D305270DD2B300EFA0DC /* Info.plist */,
			);
			path = PandemicVisualiserUITests;
			sourceTree = "<group>";
		};
		4E7DC8881E5A7F2DF570F5CF /* Frameworks */ = {
			isa = PBXGroup;
			children = (
				5F2ECBC80E044C14A04FBC31 /* Pods_PandemicVisualiser.framework */,
				1545064D8DD7FC810EE73211 /* Pods_PandemicVisualiser_PandemicVisualiserUITests.framework */,
				CD276B4BA69D8F57AC779D1C /* Pods_PandemicVisualiserTests.framework */,
			);
			name = Frameworks;
			sourceTree = "<group>";
		};
		C37CD564C674AA92476A8715 /* Pods */ = {
			isa = PBXGroup;
			children = (
				8A079DF992556BA03D6E01F6 /* Pods-PandemicVisualiser.debug.xcconfig */,
				38910D9466C6DEE01071B8B6 /* Pods-PandemicVisualiser.release.xcconfig */,
				EA33C4BE5ABB35207492C970 /* Pods-PandemicVisualiser-PandemicVisualiserUITests.debug.xcconfig */,
				DDE03662650A5FF7BE732168 /* Pods-PandemicVisualiser-PandemicVisualiserUITests.release.xcconfig */,
				A3A485C9E8CCB7307A8E6C8E /* Pods-PandemicVisualiserTests.debug.xcconfig */,
				EF74888571AD0972D5400A3C /* Pods-PandemicVisualiserTests.release.xcconfig */,
			);
			path = Pods;
			sourceTree = "<group>";
		};
/* End PBXGroup section */

/* Begin PBXNativeTarget section */
		20D8D2DD270DD2A800EFA0DC /* PandemicVisualiser */ = {
			isa = PBXNativeTarget;
			buildConfigurationList = 20D8D308270DD2B300EFA0DC /* Build configuration list for PBXNativeTarget "PandemicVisualiser" */;
			buildPhases = (
				1991AC06483C5B4671AFD6A6 /* [CP] Check Pods Manifest.lock */,
				20D8D2DA270DD2A800EFA0DC /* Sources */,
				20D8D2DB270DD2A800EFA0DC /* Frameworks */,
				20D8D2DC270DD2A800EFA0DC /* Resources */,
				3A919BCE33DC3E8F1466920F /* [CP] Embed Pods Frameworks */,
				78E3843F271B3CCB007B3706 /* Embed Frameworks */,
			);
			buildRules = (
			);
			dependencies = (
			);
			name = PandemicVisualiser;
			productName = PandemicVisualiser;
			productReference = 20D8D2DE270DD2A800EFA0DC /* PandemicVisualiser.app */;
			productType = "com.apple.product-type.application";
		};
		20D8D2F3270DD2B300EFA0DC /* PandemicVisualiserTests */ = {
			isa = PBXNativeTarget;
			buildConfigurationList = 20D8D30B270DD2B300EFA0DC /* Build configuration list for PBXNativeTarget "PandemicVisualiserTests" */;
			buildPhases = (
				797AE24BC50F09D3002FDF45 /* [CP] Check Pods Manifest.lock */,
				20D8D2F0270DD2B300EFA0DC /* Sources */,
				20D8D2F1270DD2B300EFA0DC /* Frameworks */,
				20D8D2F2270DD2B300EFA0DC /* Resources */,
			);
			buildRules = (
			);
			dependencies = (
				20D8D2F6270DD2B300EFA0DC /* PBXTargetDependency */,
			);
			name = PandemicVisualiserTests;
			productName = PandemicVisualiserTests;
			productReference = 20D8D2F4270DD2B300EFA0DC /* PandemicVisualiserTests.xctest */;
			productType = "com.apple.product-type.bundle.unit-test";
		};
		20D8D2FE270DD2B300EFA0DC /* PandemicVisualiserUITests */ = {
			isa = PBXNativeTarget;
			buildConfigurationList = 20D8D30E270DD2B300EFA0DC /* Build configuration list for PBXNativeTarget "PandemicVisualiserUITests" */;
			buildPhases = (
				075BBF730994BF4E3E65F8FD /* [CP] Check Pods Manifest.lock */,
				20D8D2FB270DD2B300EFA0DC /* Sources */,
				20D8D2FC270DD2B300EFA0DC /* Frameworks */,
				20D8D2FD270DD2B300EFA0DC /* Resources */,
				0C112DE31B1FE8366EB5B3C8 /* [CP] Embed Pods Frameworks */,
			);
			buildRules = (
			);
			dependencies = (
				20D8D301270DD2B300EFA0DC /* PBXTargetDependency */,
			);
			name = PandemicVisualiserUITests;
			productName = PandemicVisualiserUITests;
			productReference = 20D8D2FF270DD2B300EFA0DC /* PandemicVisualiserUITests.xctest */;
			productType = "com.apple.product-type.bundle.ui-testing";
		};
/* End PBXNativeTarget section */

/* Begin PBXProject section */
		20D8D2D6270DD2A800EFA0DC /* Project object */ = {
			isa = PBXProject;
			attributes = {
				LastSwiftUpdateCheck = 1240;
				LastUpgradeCheck = 1310;
				TargetAttributes = {
					20D8D2DD270DD2A800EFA0DC = {
						CreatedOnToolsVersion = 12.4;
					};
					20D8D2F3270DD2B300EFA0DC = {
						CreatedOnToolsVersion = 12.4;
						TestTargetID = 20D8D2DD270DD2A800EFA0DC;
					};
					20D8D2FE270DD2B300EFA0DC = {
						CreatedOnToolsVersion = 12.4;
						TestTargetID = 20D8D2DD270DD2A800EFA0DC;
					};
				};
			};
			buildConfigurationList = 20D8D2D9270DD2A800EFA0DC /* Build configuration list for PBXProject "PandemicVisualiser" */;
			compatibilityVersion = "Xcode 9.3";
			developmentRegion = en;
			hasScannedForEncodings = 0;
			knownRegions = (
				en,
				Base,
			);
			mainGroup = 20D8D2D5270DD2A800EFA0DC;
			productRefGroup = 20D8D2DF270DD2A800EFA0DC /* Products */;
			projectDirPath = "";
			projectRoot = "";
			targets = (
				20D8D2DD270DD2A800EFA0DC /* PandemicVisualiser */,
				20D8D2F3270DD2B300EFA0DC /* PandemicVisualiserTests */,
				20D8D2FE270DD2B300EFA0DC /* PandemicVisualiserUITests */,
			);
		};
/* End PBXProject section */

/* Begin PBXResourcesBuildPhase section */
		20D8D2DC270DD2A800EFA0DC /* Resources */ = {
			isa = PBXResourcesBuildPhase;
			buildActionMask = 2147483647;
			files = (
				78E3843A271B2B22007B3706 /* Script.sh in Resources */,
				20D8D2E9270DD2B300EFA0DC /* Preview Assets.xcassets in Resources */,
				202CE05D2733207200294103 /* Assets.xcassets in Resources */,
			);
			runOnlyForDeploymentPostprocessing = 0;
		};
		20D8D2F2270DD2B300EFA0DC /* Resources */ = {
			isa = PBXResourcesBuildPhase;
			buildActionMask = 2147483647;
			files = (
			);
			runOnlyForDeploymentPostprocessing = 0;
		};
		20D8D2FD270DD2B300EFA0DC /* Resources */ = {
			isa = PBXResourcesBuildPhase;
			buildActionMask = 2147483647;
			files = (
			);
			runOnlyForDeploymentPostprocessing = 0;
		};
/* End PBXResourcesBuildPhase section */

/* Begin PBXShellScriptBuildPhase section */
		075BBF730994BF4E3E65F8FD /* [CP] Check Pods Manifest.lock */ = {
			isa = PBXShellScriptBuildPhase;
			buildActionMask = 2147483647;
			files = (
			);
			inputFileListPaths = (
			);
			inputPaths = (
				"${PODS_PODFILE_DIR_PATH}/Podfile.lock",
				"${PODS_ROOT}/Manifest.lock",
			);
			name = "[CP] Check Pods Manifest.lock";
			outputFileListPaths = (
			);
			outputPaths = (
				"$(DERIVED_FILE_DIR)/Pods-PandemicVisualiser-PandemicVisualiserUITests-checkManifestLockResult.txt",
			);
			runOnlyForDeploymentPostprocessing = 0;
			shellPath = /bin/sh;
			shellScript = "diff \"${PODS_PODFILE_DIR_PATH}/Podfile.lock\" \"${PODS_ROOT}/Manifest.lock\" > /dev/null\nif [ $? != 0 ] ; then\n    # print error to STDERR\n    echo \"error: The sandbox is not in sync with the Podfile.lock. Run 'pod install' or update your CocoaPods installation.\" >&2\n    exit 1\nfi\n# This output is used by Xcode 'outputs' to avoid re-running this script phase.\necho \"SUCCESS\" > \"${SCRIPT_OUTPUT_FILE_0}\"\n";
			showEnvVarsInLog = 0;
		};
		0C112DE31B1FE8366EB5B3C8 /* [CP] Embed Pods Frameworks */ = {
			isa = PBXShellScriptBuildPhase;
			buildActionMask = 2147483647;
			files = (
			);
			inputFileListPaths = (
				"${PODS_ROOT}/Target Support Files/Pods-PandemicVisualiser-PandemicVisualiserUITests/Pods-PandemicVisualiser-PandemicVisualiserUITests-frameworks-${CONFIGURATION}-input-files.xcfilelist",
			);
			name = "[CP] Embed Pods Frameworks";
			outputFileListPaths = (
				"${PODS_ROOT}/Target Support Files/Pods-PandemicVisualiser-PandemicVisualiserUITests/Pods-PandemicVisualiser-PandemicVisualiserUITests-frameworks-${CONFIGURATION}-output-files.xcfilelist",
			);
			runOnlyForDeploymentPostprocessing = 0;
			shellPath = /bin/sh;
			shellScript = "\"${PODS_ROOT}/Target Support Files/Pods-PandemicVisualiser-PandemicVisualiserUITests/Pods-PandemicVisualiser-PandemicVisualiserUITests-frameworks.sh\"\n";
			showEnvVarsInLog = 0;
		};
		1991AC06483C5B4671AFD6A6 /* [CP] Check Pods Manifest.lock */ = {
			isa = PBXShellScriptBuildPhase;
			buildActionMask = 2147483647;
			files = (
			);
			inputFileListPaths = (
			);
			inputPaths = (
				"${PODS_PODFILE_DIR_PATH}/Podfile.lock",
				"${PODS_ROOT}/Manifest.lock",
			);
			name = "[CP] Check Pods Manifest.lock";
			outputFileListPaths = (
			);
			outputPaths = (
				"$(DERIVED_FILE_DIR)/Pods-PandemicVisualiser-checkManifestLockResult.txt",
			);
			runOnlyForDeploymentPostprocessing = 0;
			shellPath = /bin/sh;
			shellScript = "diff \"${PODS_PODFILE_DIR_PATH}/Podfile.lock\" \"${PODS_ROOT}/Manifest.lock\" > /dev/null\nif [ $? != 0 ] ; then\n    # print error to STDERR\n    echo \"error: The sandbox is not in sync with the Podfile.lock. Run 'pod install' or update your CocoaPods installation.\" >&2\n    exit 1\nfi\n# This output is used by Xcode 'outputs' to avoid re-running this script phase.\necho \"SUCCESS\" > \"${SCRIPT_OUTPUT_FILE_0}\"\n";
			showEnvVarsInLog = 0;
		};
		3A919BCE33DC3E8F1466920F /* [CP] Embed Pods Frameworks */ = {
			isa = PBXShellScriptBuildPhase;
			buildActionMask = 2147483647;
			files = (
			);
			inputFileListPaths = (
				"${PODS_ROOT}/Target Support Files/Pods-PandemicVisualiser/Pods-PandemicVisualiser-frameworks-${CONFIGURATION}-input-files.xcfilelist",
			);
			name = "[CP] Embed Pods Frameworks";
			outputFileListPaths = (
				"${PODS_ROOT}/Target Support Files/Pods-PandemicVisualiser/Pods-PandemicVisualiser-frameworks-${CONFIGURATION}-output-files.xcfilelist",
			);
			runOnlyForDeploymentPostprocessing = 0;
			shellPath = /bin/sh;
			shellScript = "\"${PODS_ROOT}/Target Support Files/Pods-PandemicVisualiser/Pods-PandemicVisualiser-frameworks.sh\"\n";
			showEnvVarsInLog = 0;
		};
		797AE24BC50F09D3002FDF45 /* [CP] Check Pods Manifest.lock */ = {
			isa = PBXShellScriptBuildPhase;
			buildActionMask = 2147483647;
			files = (
			);
			inputFileListPaths = (
			);
			inputPaths = (
				"${PODS_PODFILE_DIR_PATH}/Podfile.lock",
				"${PODS_ROOT}/Manifest.lock",
			);
			name = "[CP] Check Pods Manifest.lock";
			outputFileListPaths = (
			);
			outputPaths = (
				"$(DERIVED_FILE_DIR)/Pods-PandemicVisualiserTests-checkManifestLockResult.txt",
			);
			runOnlyForDeploymentPostprocessing = 0;
			shellPath = /bin/sh;
			shellScript = "diff \"${PODS_PODFILE_DIR_PATH}/Podfile.lock\" \"${PODS_ROOT}/Manifest.lock\" > /dev/null\nif [ $? != 0 ] ; then\n    # print error to STDERR\n    echo \"error: The sandbox is not in sync with the Podfile.lock. Run 'pod install' or update your CocoaPods installation.\" >&2\n    exit 1\nfi\n# This output is used by Xcode 'outputs' to avoid re-running this script phase.\necho \"SUCCESS\" > \"${SCRIPT_OUTPUT_FILE_0}\"\n";
			showEnvVarsInLog = 0;
		};
/* End PBXShellScriptBuildPhase section */

/* Begin PBXSourcesBuildPhase section */
		20D8D2DA270DD2A800EFA0DC /* Sources */ = {
			isa = PBXSourcesBuildPhase;
			buildActionMask = 2147483647;
			files = (
				202CE04D2733204000294103 /* Extension.swift in Sources */,
				202CE0712733267000294103 /* PandemicVisualiserApp.swift in Sources */,
				202CE0512733205100294103 /* CountryDataRowView.swift in Sources */,
				202CE06D2733265800294103 /* ContentView.swift in Sources */,
				202CE03E27331FD100294103 /* RecentView.swift in Sources */,
				202CE08427332B0100294103 /* Model.swift in Sources */,
				202CE08827332B2000294103 /* CovidFetchRequest.swift in Sources */,
				20D8D2EE270DD2B300EFA0DC /* PandemicVisualiser.xcdatamodeld in Sources */,
				18D6C2672738622100646788 /* SearchView.swift in Sources */,
				18D6C26B2738687500646788 /* CountryDetailView.swift in Sources */,
				202CE0492733203700294103 /* ListHeaderView.swift in Sources */,
				202CE080273329F900294103 /* TotalDataCard.swift in Sources */,
				18D6C2692738642000646788 /* CountryDetail.swift in Sources */,
				202CE0752733268800294103 /* Persistence.swift in Sources */,
				202CE08C27332D7000294103 /* TotalDataView.swift in Sources */,
			);
			runOnlyForDeploymentPostprocessing = 0;
		};
		20D8D2F0270DD2B300EFA0DC /* Sources */ = {
			isa = PBXSourcesBuildPhase;
			buildActionMask = 2147483647;
			files = (
				20D8D2F9270DD2B300EFA0DC /* PandemicVisualiserTests.swift in Sources */,
			);
			runOnlyForDeploymentPostprocessing = 0;
		};
		20D8D2FB270DD2B300EFA0DC /* Sources */ = {
			isa = PBXSourcesBuildPhase;
			buildActionMask = 2147483647;
			files = (
				20D8D304270DD2B300EFA0DC /* PandemicVisualiserUITests.swift in Sources */,
			);
			runOnlyForDeploymentPostprocessing = 0;
		};
/* End PBXSourcesBuildPhase section */

/* Begin PBXTargetDependency section */
		20D8D2F6270DD2B300EFA0DC /* PBXTargetDependency */ = {
			isa = PBXTargetDependency;
			target = 20D8D2DD270DD2A800EFA0DC /* PandemicVisualiser */;
			targetProxy = 20D8D2F5270DD2B300EFA0DC /* PBXContainerItemProxy */;
		};
		20D8D301270DD2B300EFA0DC /* PBXTargetDependency */ = {
			isa = PBXTargetDependency;
			target = 20D8D2DD270DD2A800EFA0DC /* PandemicVisualiser */;
			targetProxy = 20D8D300270DD2B300EFA0DC /* PBXContainerItemProxy */;
		};
/* End PBXTargetDependency section */

/* Begin XCBuildConfiguration section */
		20D8D306270DD2B300EFA0DC /* Debug */ = {
			isa = XCBuildConfiguration;
			buildSettings = {
				ALWAYS_SEARCH_USER_PATHS = NO;
				CLANG_ANALYZER_NONNULL = YES;
				CLANG_ANALYZER_NUMBER_OBJECT_CONVERSION = YES_AGGRESSIVE;
				CLANG_CXX_LANGUAGE_STANDARD = "gnu++14";
				CLANG_CXX_LIBRARY = "libc++";
				CLANG_ENABLE_MODULES = YES;
				CLANG_ENABLE_OBJC_ARC = YES;
				CLANG_ENABLE_OBJC_WEAK = YES;
				CLANG_WARN_BLOCK_CAPTURE_AUTORELEASING = YES;
				CLANG_WARN_BOOL_CONVERSION = YES;
				CLANG_WARN_COMMA = YES;
				CLANG_WARN_CONSTANT_CONVERSION = YES;
				CLANG_WARN_DEPRECATED_OBJC_IMPLEMENTATIONS = YES;
				CLANG_WARN_DIRECT_OBJC_ISA_USAGE = YES_ERROR;
				CLANG_WARN_DOCUMENTATION_COMMENTS = YES;
				CLANG_WARN_EMPTY_BODY = YES;
				CLANG_WARN_ENUM_CONVERSION = YES;
				CLANG_WARN_INFINITE_RECURSION = YES;
				CLANG_WARN_INT_CONVERSION = YES;
				CLANG_WARN_NON_LITERAL_NULL_CONVERSION = YES;
				CLANG_WARN_OBJC_IMPLICIT_RETAIN_SELF = YES;
				CLANG_WARN_OBJC_LITERAL_CONVERSION = YES;
				CLANG_WARN_OBJC_ROOT_CLASS = YES_ERROR;
				CLANG_WARN_QUOTED_INCLUDE_IN_FRAMEWORK_HEADER = YES;
				CLANG_WARN_RANGE_LOOP_ANALYSIS = YES;
				CLANG_WARN_STRICT_PROTOTYPES = YES;
				CLANG_WARN_SUSPICIOUS_MOVE = YES;
				CLANG_WARN_UNGUARDED_AVAILABILITY = YES_AGGRESSIVE;
				CLANG_WARN_UNREACHABLE_CODE = YES;
				CLANG_WARN__DUPLICATE_METHOD_MATCH = YES;
				COPY_PHASE_STRIP = NO;
				DEBUG_INFORMATION_FORMAT = dwarf;
				ENABLE_STRICT_OBJC_MSGSEND = YES;
				ENABLE_TESTABILITY = YES;
				GCC_C_LANGUAGE_STANDARD = gnu11;
				GCC_DYNAMIC_NO_PIC = NO;
				GCC_NO_COMMON_BLOCKS = YES;
				GCC_OPTIMIZATION_LEVEL = 0;
				GCC_PREPROCESSOR_DEFINITIONS = (
					"DEBUG=1",
					"$(inherited)",
				);
				GCC_WARN_64_TO_32_BIT_CONVERSION = YES;
				GCC_WARN_ABOUT_RETURN_TYPE = YES_ERROR;
				GCC_WARN_UNDECLARED_SELECTOR = YES;
				GCC_WARN_UNINITIALIZED_AUTOS = YES_AGGRESSIVE;
				GCC_WARN_UNUSED_FUNCTION = YES;
				GCC_WARN_UNUSED_VARIABLE = YES;
				IPHONEOS_DEPLOYMENT_TARGET = 12.0;
				MTL_ENABLE_DEBUG_INFO = INCLUDE_SOURCE;
				MTL_FAST_MATH = YES;
				ONLY_ACTIVE_ARCH = YES;
				SDKROOT = iphoneos;
				SWIFT_ACTIVE_COMPILATION_CONDITIONS = DEBUG;
				SWIFT_OPTIMIZATION_LEVEL = "-Onone";
			};
			name = Debug;
		};
		20D8D307270DD2B300EFA0DC /* Release */ = {
			isa = XCBuildConfiguration;
			buildSettings = {
				ALWAYS_SEARCH_USER_PATHS = NO;
				CLANG_ANALYZER_NONNULL = YES;
				CLANG_ANALYZER_NUMBER_OBJECT_CONVERSION = YES_AGGRESSIVE;
				CLANG_CXX_LANGUAGE_STANDARD = "gnu++14";
				CLANG_CXX_LIBRARY = "libc++";
				CLANG_ENABLE_MODULES = YES;
				CLANG_ENABLE_OBJC_ARC = YES;
				CLANG_ENABLE_OBJC_WEAK = YES;
				CLANG_WARN_BLOCK_CAPTURE_AUTORELEASING = YES;
				CLANG_WARN_BOOL_CONVERSION = YES;
				CLANG_WARN_COMMA = YES;
				CLANG_WARN_CONSTANT_CONVERSION = YES;
				CLANG_WARN_DEPRECATED_OBJC_IMPLEMENTATIONS = YES;
				CLANG_WARN_DIRECT_OBJC_ISA_USAGE = YES_ERROR;
				CLANG_WARN_DOCUMENTATION_COMMENTS = YES;
				CLANG_WARN_EMPTY_BODY = YES;
				CLANG_WARN_ENUM_CONVERSION = YES;
				CLANG_WARN_INFINITE_RECURSION = YES;
				CLANG_WARN_INT_CONVERSION = YES;
				CLANG_WARN_NON_LITERAL_NULL_CONVERSION = YES;
				CLANG_WARN_OBJC_IMPLICIT_RETAIN_SELF = YES;
				CLANG_WARN_OBJC_LITERAL_CONVERSION = YES;
				CLANG_WARN_OBJC_ROOT_CLASS = YES_ERROR;
				CLANG_WARN_QUOTED_INCLUDE_IN_FRAMEWORK_HEADER = YES;
				CLANG_WARN_RANGE_LOOP_ANALYSIS = YES;
				CLANG_WARN_STRICT_PROTOTYPES = YES;
				CLANG_WARN_SUSPICIOUS_MOVE = YES;
				CLANG_WARN_UNGUARDED_AVAILABILITY = YES_AGGRESSIVE;
				CLANG_WARN_UNREACHABLE_CODE = YES;
				CLANG_WARN__DUPLICATE_METHOD_MATCH = YES;
				COPY_PHASE_STRIP = NO;
				DEBUG_INFORMATION_FORMAT = "dwarf-with-dsym";
				ENABLE_NS_ASSERTIONS = NO;
				ENABLE_STRICT_OBJC_MSGSEND = YES;
				GCC_C_LANGUAGE_STANDARD = gnu11;
				GCC_NO_COMMON_BLOCKS = YES;
				GCC_WARN_64_TO_32_BIT_CONVERSION = YES;
				GCC_WARN_ABOUT_RETURN_TYPE = YES_ERROR;
				GCC_WARN_UNDECLARED_SELECTOR = YES;
				GCC_WARN_UNINITIALIZED_AUTOS = YES_AGGRESSIVE;
				GCC_WARN_UNUSED_FUNCTION = YES;
				GCC_WARN_UNUSED_VARIABLE = YES;
				IPHONEOS_DEPLOYMENT_TARGET = 12.0;
				MTL_ENABLE_DEBUG_INFO = NO;
				MTL_FAST_MATH = YES;
				SDKROOT = iphoneos;
				SWIFT_COMPILATION_MODE = wholemodule;
				SWIFT_OPTIMIZATION_LEVEL = "-O";
				VALIDATE_PRODUCT = YES;
			};
			name = Release;
		};
		20D8D309270DD2B300EFA0DC /* Debug */ = {
			isa = XCBuildConfiguration;
			baseConfigurationReference = 8A079DF992556BA03D6E01F6 /* Pods-PandemicVisualiser.debug.xcconfig */;
			buildSettings = {
				ASSETCATALOG_COMPILER_APPICON_NAME = AppIcon;
				ASSETCATALOG_COMPILER_GLOBAL_ACCENT_COLOR_NAME = AccentColor;
				CODE_SIGN_STYLE = Automatic;
				DEVELOPMENT_ASSET_PATHS = "\"PandemicVisualiser/Preview Content\"";
				ENABLE_PREVIEWS = YES;
				INFOPLIST_FILE = PandemicVisualiser/Info.plist;
				IPHONEOS_DEPLOYMENT_TARGET = 14.0;
				LD_RUNPATH_SEARCH_PATHS = (
					"$(inherited)",
					"@executable_path/Frameworks",
				);
				PRODUCT_BUNDLE_IDENTIFIER = kpi.PandemicVisualiser;
				PRODUCT_NAME = "$(TARGET_NAME)";
				SWIFT_VERSION = 5.0;
				TARGETED_DEVICE_FAMILY = "1,2";
			};
			name = Debug;
		};
		20D8D30A270DD2B300EFA0DC /* Release */ = {
			isa = XCBuildConfiguration;
			baseConfigurationReference = 38910D9466C6DEE01071B8B6 /* Pods-PandemicVisualiser.release.xcconfig */;
			buildSettings = {
				ASSETCATALOG_COMPILER_APPICON_NAME = AppIcon;
				ASSETCATALOG_COMPILER_GLOBAL_ACCENT_COLOR_NAME = AccentColor;
				CODE_SIGN_STYLE = Automatic;
				DEVELOPMENT_ASSET_PATHS = "\"PandemicVisualiser/Preview Content\"";
				ENABLE_PREVIEWS = YES;
				INFOPLIST_FILE = PandemicVisualiser/Info.plist;
				IPHONEOS_DEPLOYMENT_TARGET = 14.0;
				LD_RUNPATH_SEARCH_PATHS = (
					"$(inherited)",
					"@executable_path/Frameworks",
				);
				PRODUCT_BUNDLE_IDENTIFIER = kpi.PandemicVisualiser;
				PRODUCT_NAME = "$(TARGET_NAME)";
				SWIFT_VERSION = 5.0;
				TARGETED_DEVICE_FAMILY = "1,2";
			};
			name = Release;
		};
		20D8D30C270DD2B300EFA0DC /* Debug */ = {
			isa = XCBuildConfiguration;
			baseConfigurationReference = A3A485C9E8CCB7307A8E6C8E /* Pods-PandemicVisualiserTests.debug.xcconfig */;
			buildSettings = {
				ALWAYS_EMBED_SWIFT_STANDARD_LIBRARIES = YES;
				BUNDLE_LOADER = "$(TEST_HOST)";
				CODE_SIGN_STYLE = Automatic;
				INFOPLIST_FILE = PandemicVisualiserTests/Info.plist;
				IPHONEOS_DEPLOYMENT_TARGET = 14.0;
				LD_RUNPATH_SEARCH_PATHS = (
					"$(inherited)",
					"@executable_path/Frameworks",
					"@loader_path/Frameworks",
				);
				PRODUCT_BUNDLE_IDENTIFIER = kpi.PandemicVisualiserTests;
				PRODUCT_NAME = "$(TARGET_NAME)";
				SWIFT_VERSION = 5.0;
				TARGETED_DEVICE_FAMILY = "1,2";
				TEST_HOST = "$(BUILT_PRODUCTS_DIR)/PandemicVisualiser.app/PandemicVisualiser";
			};
			name = Debug;
		};
		20D8D30D270DD2B300EFA0DC /* Release */ = {
			isa = XCBuildConfiguration;
			baseConfigurationReference = EF74888571AD0972D5400A3C /* Pods-PandemicVisualiserTests.release.xcconfig */;
			buildSettings = {
				ALWAYS_EMBED_SWIFT_STANDARD_LIBRARIES = YES;
				BUNDLE_LOADER = "$(TEST_HOST)";
				CODE_SIGN_STYLE = Automatic;
				INFOPLIST_FILE = PandemicVisualiserTests/Info.plist;
				IPHONEOS_DEPLOYMENT_TARGET = 14.0;
				LD_RUNPATH_SEARCH_PATHS = (
					"$(inherited)",
					"@executable_path/Frameworks",
					"@loader_path/Frameworks",
				);
				PRODUCT_BUNDLE_IDENTIFIER = kpi.PandemicVisualiserTests;
				PRODUCT_NAME = "$(TARGET_NAME)";
				SWIFT_VERSION = 5.0;
				TARGETED_DEVICE_FAMILY = "1,2";
				TEST_HOST = "$(BUILT_PRODUCTS_DIR)/PandemicVisualiser.app/PandemicVisualiser";
			};
			name = Release;
		};
		20D8D30F270DD2B300EFA0DC /* Debug */ = {
			isa = XCBuildConfiguration;
			baseConfigurationReference = EA33C4BE5ABB35207492C970 /* Pods-PandemicVisualiser-PandemicVisualiserUITests.debug.xcconfig */;
			buildSettings = {
				ALWAYS_EMBED_SWIFT_STANDARD_LIBRARIES = YES;
				CODE_SIGN_STYLE = Automatic;
				INFOPLIST_FILE = PandemicVisualiserUITests/Info.plist;
				LD_RUNPATH_SEARCH_PATHS = (
					"$(inherited)",
					"@executable_path/Frameworks",
					"@loader_path/Frameworks",
				);
				PRODUCT_BUNDLE_IDENTIFIER = kpi.PandemicVisualiserUITests;
				PRODUCT_NAME = "$(TARGET_NAME)";
				SWIFT_VERSION = 5.0;
				TARGETED_DEVICE_FAMILY = "1,2";
				TEST_TARGET_NAME = PandemicVisualiser;
			};
			name = Debug;
		};
		20D8D310270DD2B300EFA0DC /* Release */ = {
			isa = XCBuildConfiguration;
			baseConfigurationReference = DDE03662650A5FF7BE732168 /* Pods-PandemicVisualiser-PandemicVisualiserUITests.release.xcconfig */;
			buildSettings = {
				ALWAYS_EMBED_SWIFT_STANDARD_LIBRARIES = YES;
				CODE_SIGN_STYLE = Automatic;
				INFOPLIST_FILE = PandemicVisualiserUITests/Info.plist;
				LD_RUNPATH_SEARCH_PATHS = (
					"$(inherited)",
					"@executable_path/Frameworks",
					"@loader_path/Frameworks",
				);
				PRODUCT_BUNDLE_IDENTIFIER = kpi.PandemicVisualiserUITests;
				PRODUCT_NAME = "$(TARGET_NAME)";
				SWIFT_VERSION = 5.0;
				TARGETED_DEVICE_FAMILY = "1,2";
				TEST_TARGET_NAME = PandemicVisualiser;
			};
			name = Release;
		};
/* End XCBuildConfiguration section */

/* Begin XCConfigurationList section */
		20D8D2D9270DD2A800EFA0DC /* Build configuration list for PBXProject "PandemicVisualiser" */ = {
			isa = XCConfigurationList;
			buildConfigurations = (
				20D8D306270DD2B300EFA0DC /* Debug */,
				20D8D307270DD2B300EFA0DC /* Release */,
			);
			defaultConfigurationIsVisible = 0;
			defaultConfigurationName = Release;
		};
		20D8D308270DD2B300EFA0DC /* Build configuration list for PBXNativeTarget "PandemicVisualiser" */ = {
			isa = XCConfigurationList;
			buildConfigurations = (
				20D8D309270DD2B300EFA0DC /* Debug */,
				20D8D30A270DD2B300EFA0DC /* Release */,
			);
			defaultConfigurationIsVisible = 0;
			defaultConfigurationName = Release;
		};
		20D8D30B270DD2B300EFA0DC /* Build configuration list for PBXNativeTarget "PandemicVisualiserTests" */ = {
			isa = XCConfigurationList;
			buildConfigurations = (
				20D8D30C270DD2B300EFA0DC /* Debug */,
				20D8D30D270DD2B300EFA0DC /* Release */,
			);
			defaultConfigurationIsVisible = 0;
			defaultConfigurationName = Release;
		};
		20D8D30E270DD2B300EFA0DC /* Build configuration list for PBXNativeTarget "PandemicVisualiserUITests" */ = {
			isa = XCConfigurationList;
			buildConfigurations = (
				20D8D30F270DD2B300EFA0DC /* Debug */,
				20D8D310270DD2B300EFA0DC /* Release */,
			);
			defaultConfigurationIsVisible = 0;
			defaultConfigurationName = Release;
		};
/* End XCConfigurationList section */

/* Begin XCVersionGroup section */
		20D8D2EC270DD2B300EFA0DC /* PandemicVisualiser.xcdatamodeld */ = {
			isa = XCVersionGroup;
			children = (
				20D8D2ED270DD2B300EFA0DC /* PandemicVisualiser.xcdatamodel */,
			);
			currentVersion = 20D8D2ED270DD2B300EFA0DC /* PandemicVisualiser.xcdatamodel */;
			path = PandemicVisualiser.xcdatamodeld;
			sourceTree = "<group>";
			versionGroupType = wrapper.xcdatamodel;
		};
/* End XCVersionGroup section */
	};
	rootObject = 20D8D2D6270DD2A800EFA0DC /* Project object */;
}
